// !$*UTF8*$!
{
	archiveVersion = 1;
	classes = {
	};
	objectVersion = 50;
	objects = {

/* Begin PBXBuildFile section */
		D1D740A322B8BC4F0083138A /* AppDelegate.swift in Sources */ = {isa = PBXBuildFile; fileRef = D1D740A222B8BC4F0083138A /* AppDelegate.swift */; };
		D1D740A522B8BC4F0083138A /* ViewController.swift in Sources */ = {isa = PBXBuildFile; fileRef = D1D740A422B8BC4F0083138A /* ViewController.swift */; };
		D1D740A822B8BC4F0083138A /* Main.storyboard in Resources */ = {isa = PBXBuildFile; fileRef = D1D740A622B8BC4F0083138A /* Main.storyboard */; };
		D1D740AA22B8BC500083138A /* Assets.xcassets in Resources */ = {isa = PBXBuildFile; fileRef = D1D740A922B8BC500083138A /* Assets.xcassets */; };
		D1D740AD22B8BC500083138A /* LaunchScreen.storyboard in Resources */ = {isa = PBXBuildFile; fileRef = D1D740AB22B8BC500083138A /* LaunchScreen.storyboard */; };
		D1D740B822B8BC500083138A /* test1Tests.swift in Sources */ = {isa = PBXBuildFile; fileRef = D1D740B722B8BC500083138A /* test1Tests.swift */; };
		D1D740C322B8BC500083138A /* test1UITests.swift in Sources */ = {isa = PBXBuildFile; fileRef = D1D740C222B8BC500083138A /* test1UITests.swift */; };
/* End PBXBuildFile section */

/* Begin PBXContainerItemProxy section */
		D1D740B422B8BC500083138A /* PBXContainerItemProxy */ = {
			isa = PBXContainerItemProxy;
			containerPortal = D1D7409722B8BC4F0083138A /* Project object */;
			proxyType = 1;
			remoteGlobalIDString = D1D7409E22B8BC4F0083138A;
			remoteInfo = test1;
		};
		D1D740BF22B8BC500083138A /* PBXContainerItemProxy */ = {
			isa = PBXContainerItemProxy;
			containerPortal = D1D7409722B8BC4F0083138A /* Project object */;
			proxyType = 1;
			remoteGlobalIDString = D1D7409E22B8BC4F0083138A;
			remoteInfo = test1;
		};
/* End PBXContainerItemProxy section */

/* Begin PBXFileReference section */
		D1D7409F22B8BC4F0083138A /* test1.app */ = {isa = PBXFileReference; explicitFileType = wrapper.application; includeInIndex = 0; path = test1.app; sourceTree = BUILT_PRODUCTS_DIR; };
		D1D740A222B8BC4F0083138A /* AppDelegate.swift */ = {isa = PBXFileReference; lastKnownFileType = sourcecode.swift; path = AppDelegate.swift; sourceTree = "<group>"; };
		D1D740A422B8BC4F0083138A /* ViewController.swift */ = {isa = PBXFileReference; lastKnownFileType = sourcecode.swift; path = ViewController.swift; sourceTree = "<group>"; };
		D1D740A722B8BC4F0083138A /* Base */ = {isa = PBXFileReference; lastKnownFileType = file.storyboard; name = Base; path = Base.lproj/Main.storyboard; sourceTree = "<group>"; };
		D1D740A922B8BC500083138A /* Assets.xcassets */ = {isa = PBXFileReference; lastKnownFileType = folder.assetcatalog; path = Assets.xcassets; sourceTree = "<group>"; };
		D1D740AC22B8BC500083138A /* Base */ = {isa = PBXFileReference; lastKnownFileType = file.storyboard; name = Base; path = Base.lproj/LaunchScreen.storyboard; sourceTree = "<group>"; };
		D1D740AE22B8BC500083138A /* Info.plist */ = {isa = PBXFileReference; lastKnownFileType = text.plist.xml; path = Info.plist; sourceTree = "<group>"; };
		D1D740B322B8BC500083138A /* test1Tests.xctest */ = {isa = PBXFileReference; explicitFileType = wrapper.cfbundle; includeInIndex = 0; path = test1Tests.xctest; sourceTree = BUILT_PRODUCTS_DIR; };
		D1D740B722B8BC500083138A /* test1Tests.swift */ = {isa = PBXFileReference; lastKnownFileType = sourcecode.swift; path = test1Tests.swift; sourceTree = "<group>"; };
		D1D740B922B8BC500083138A /* Info.plist */ = {isa = PBXFileReference; lastKnownFileType = text.plist.xml; path = Info.plist; sourceTree = "<group>"; };
		D1D740BE22B8BC500083138A /* test1UITests.xctest */ = {isa = PBXFileReference; explicitFileType = wrapper.cfbundle; includeInIndex = 0; path = test1UITests.xctest; sourceTree = BUILT_PRODUCTS_DIR; };
		D1D740C222B8BC500083138A /* test1UITests.swift */ = {isa = PBXFileReference; lastKnownFileType = sourcecode.swift; path = test1UITests.swift; sourceTree = "<group>"; };
		D1D740C422B8BC500083138A /* Info.plist */ = {isa = PBXFileReference; lastKnownFileType = text.plist.xml; path = Info.plist; sourceTree = "<group>"; };
/* End PBXFileReference section */

/* Begin PBXFrameworksBuildPhase section */
		D1D7409C22B8BC4F0083138A /* Frameworks */ = {
			isa = PBXFrameworksBuildPhase;
			buildActionMask = 2147483647;
			files = (
			);
			runOnlyForDeploymentPostprocessing = 0;
		};
		D1D740B022B8BC500083138A /* Frameworks */ = {
			isa = PBXFrameworksBuildPhase;
			buildActionMask = 2147483647;
			files = (
			);
			runOnlyForDeploymentPostprocessing = 0;
		};
		D1D740BB22B8BC500083138A /* Frameworks */ = {
			isa = PBXFrameworksBuildPhase;
			buildActionMask = 2147483647;
			files = (
			);
			runOnlyForDeploymentPostprocessing = 0;
		};
/* End PBXFrameworksBuildPhase section */

/* Begin PBXGroup section */
		D1D7409622B8BC4F0083138A = {
			isa = PBXGroup;
			children = (
				D1D740A122B8BC4F0083138A /* test1 */,
				D1D740B622B8BC500083138A /* test1Tests */,
				D1D740C122B8BC500083138A /* test1UITests */,
				D1D740A022B8BC4F0083138A /* Products */,
			);
			sourceTree = "<group>";
		};
		D1D740A022B8BC4F0083138A /* Products */ = {
			isa = PBXGroup;
			children = (
				D1D7409F22B8BC4F0083138A /* test1.app */,
				D1D740B322B8BC500083138A /* test1Tests.xctest */,
				D1D740BE22B8BC500083138A /* test1UITests.xctest */,
			);
			name = Products;
			sourceTree = "<group>";
		};
		D1D740A122B8BC4F0083138A /* test1 */ = {
			isa = PBXGroup;
			children = (
				D1D740A222B8BC4F0083138A /* AppDelegate.swift */,
				D1D740A422B8BC4F0083138A /* ViewController.swift */,
				D1D740A622B8BC4F0083138A /* Main.storyboard */,
				D1D740A922B8BC500083138A /* Assets.xcassets */,
				D1D740AB22B8BC500083138A /* LaunchScreen.storyboard */,
				D1D740AE22B8BC500083138A /* Info.plist */,
			);
			path = test1;
			sourceTree = "<group>";
		};
		D1D740B622B8BC500083138A /* test1Tests */ = {
			isa = PBXGroup;
			children = (
				D1D740B722B8BC500083138A /* test1Tests.swift */,
				D1D740B922B8BC500083138A /* Info.plist */,
			);
			path = test1Tests;
			sourceTree = "<group>";
		};
		D1D740C122B8BC500083138A /* test1UITests */ = {
			isa = PBXGroup;
			children = (
				D1D740C222B8BC500083138A /* test1UITests.swift */,
				D1D740C422B8BC500083138A /* Info.plist */,
			);
			path = test1UITests;
			sourceTree = "<group>";
		};
/* End PBXGroup section */

/* Begin PBXNativeTarget section */
		D1D7409E22B8BC4F0083138A /* test1 */ = {
			isa = PBXNativeTarget;
			buildConfigurationList = D1D740C722B8BC500083138A /* Build configuration list for PBXNativeTarget "test1" */;
			buildPhases = (
				D1D7409B22B8BC4F0083138A /* Sources */,
				D1D7409C22B8BC4F0083138A /* Frameworks */,
				D1D7409D22B8BC4F0083138A /* Resources */,
			);
			buildRules = (
			);
			dependencies = (
			);
			name = test1;
			productName = test1;
			productReference = D1D7409F22B8BC4F0083138A /* test1.app */;
			productType = "com.apple.product-type.application";
		};
		D1D740B222B8BC500083138A /* test1Tests */ = {
			isa = PBXNativeTarget;
			buildConfigurationList = D1D740CA22B8BC500083138A /* Build configuration list for PBXNativeTarget "test1Tests" */;
			buildPhases = (
				D1D740AF22B8BC500083138A /* Sources */,
				D1D740B022B8BC500083138A /* Frameworks */,
				D1D740B122B8BC500083138A /* Resources */,
			);
			buildRules = (
			);
			dependencies = (
				D1D740B522B8BC500083138A /* PBXTargetDependency */,
			);
			name = test1Tests;
			productName = test1Tests;
			productReference = D1D740B322B8BC500083138A /* test1Tests.xctest */;
			productType = "com.apple.product-type.bundle.unit-test";
		};
		D1D740BD22B8BC500083138A /* test1UITests */ = {
			isa = PBXNativeTarget;
			buildConfigurationList = D1D740CD22B8BC500083138A /* Build configuration list for PBXNativeTarget "test1UITests" */;
			buildPhases = (
				D1D740BA22B8BC500083138A /* Sources */,
				D1D740BB22B8BC500083138A /* Frameworks */,
				D1D740BC22B8BC500083138A /* Resources */,
			);
			buildRules = (
			);
			dependencies = (
				D1D740C022B8BC500083138A /* PBXTargetDependency */,
			);
			name = test1UITests;
			productName = test1UITests;
			productReference = D1D740BE22B8BC500083138A /* test1UITests.xctest */;
			productType = "com.apple.product-type.bundle.ui-testing";
		};
/* End PBXNativeTarget section */

/* Begin PBXProject section */
		D1D7409722B8BC4F0083138A /* Project object */ = {
			isa = PBXProject;
			attributes = {
				LastSwiftUpdateCheck = 1020;
				LastUpgradeCheck = 1020;
				ORGANIZATIONNAME = "Jinyung Yoon";
				TargetAttributes = {
					D1D7409E22B8BC4F0083138A = {
						CreatedOnToolsVersion = 10.2.1;
					};
					D1D740B222B8BC500083138A = {
						CreatedOnToolsVersion = 10.2.1;
						TestTargetID = D1D7409E22B8BC4F0083138A;
					};
					D1D740BD22B8BC500083138A = {
						CreatedOnToolsVersion = 10.2.1;
						TestTargetID = D1D7409E22B8BC4F0083138A;
					};
				};
			};
			buildConfigurationList = D1D7409A22B8BC4F0083138A /* Build configuration list for PBXProject "test1" */;
			compatibilityVersion = "Xcode 9.3";
			developmentRegion = en;
			hasScannedForEncodings = 0;
			knownRegions = (
				en,
				Base,
			);
			mainGroup = D1D7409622B8BC4F0083138A;
			productRefGroup = D1D740A022B8BC4F0083138A /* Products */;
			projectDirPath = "";
			projectRoot = "";
			targets = (
				D1D7409E22B8BC4F0083138A /* test1 */,
				D1D740B222B8BC500083138A /* test1Tests */,
				D1D740BD22B8BC500083138A /* test1UITests */,
			);
		};
/* End PBXProject section */

/* Begin PBXResourcesBuildPhase section */
		D1D7409D22B8BC4F0083138A /* Resources */ = {
			isa = PBXResourcesBuildPhase;
			buildActionMask = 2147483647;
			files = (
				D1D740AD22B8BC500083138A /* LaunchScreen.storyboard in Resources */,
				D1D740AA22B8BC500083138A /* Assets.xcassets in Resources */,
				D1D740A822B8BC4F0083138A /* Main.storyboard in Resources */,
			);
			runOnlyForDeploymentPostprocessing = 0;
		};
		D1D740B122B8BC500083138A /* Resources */ = {
			isa = PBXResourcesBuildPhase;
			buildActionMask = 2147483647;
			files = (
			);
			runOnlyForDeploymentPostprocessing = 0;
		};
		D1D740BC22B8BC500083138A /* Resources */ = {
			isa = PBXResourcesBuildPhase;
			buildActionMask = 2147483647;
			files = (
			);
			runOnlyForDeploymentPostprocessing = 0;
		};
/* End PBXResourcesBuildPhase section */

/* Begin PBXSourcesBuildPhase section */
		D1D7409B22B8BC4F0083138A /* Sources */ = {
			isa = PBXSourcesBuildPhase;
			buildActionMask = 2147483647;
			files = (
				D1D740A522B8BC4F0083138A /* ViewController.swift in Sources */,
				D1D740A322B8BC4F0083138A /* AppDelegate.swift in Sources */,
			);
			runOnlyForDeploymentPostprocessing = 0;
		};
		D1D740AF22B8BC500083138A /* Sources */ = {
			isa = PBXSourcesBuildPhase;
			buildActionMask = 2147483647;
			files = (
				D1D740B822B8BC500083138A /* test1Tests.swift in Sources */,
			);
			runOnlyForDeploymentPostprocessing = 0;
		};
		D1D740BA22B8BC500083138A /* Sources */ = {
			isa = PBXSourcesBuildPhase;
			buildActionMask = 2147483647;
			files = (
				D1D740C322B8BC500083138A /* test1UITests.swift in Sources */,
			);
			runOnlyForDeploymentPostprocessing = 0;
		};
/* End PBXSourcesBuildPhase section */

/* Begin PBXTargetDependency section */
		D1D740B522B8BC500083138A /* PBXTargetDependency */ = {
			isa = PBXTargetDependency;
			target = D1D7409E22B8BC4F0083138A /* test1 */;
			targetProxy = D1D740B422B8BC500083138A /* PBXContainerItemProxy */;
		};
		D1D740C022B8BC500083138A /* PBXTargetDependency */ = {
			isa = PBXTargetDependency;
			target = D1D7409E22B8BC4F0083138A /* test1 */;
			targetProxy = D1D740BF22B8BC500083138A /* PBXContainerItemProxy */;
		};
/* End PBXTargetDependency section */

/* Begin PBXVariantGroup section */
		D1D740A622B8BC4F0083138A /* Main.storyboard */ = {
			isa = PBXVariantGroup;
			children = (
				D1D740A722B8BC4F0083138A /* Base */,
			);
			name = Main.storyboard;
			sourceTree = "<group>";
		};
		D1D740AB22B8BC500083138A /* LaunchScreen.storyboard */ = {
			isa = PBXVariantGroup;
			children = (
				D1D740AC22B8BC500083138A /* Base */,
			);
			name = LaunchScreen.storyboard;
			sourceTree = "<group>";
		};
/* End PBXVariantGroup section */

/* Begin XCBuildConfiguration section */
		D1D740C522B8BC500083138A /* Debug */ = {
			isa = XCBuildConfiguration;
			buildSettings = {
				ALWAYS_SEARCH_USER_PATHS = NO;
				CLANG_ANALYZER_NONNULL = YES;
				CLANG_ANALYZER_NUMBER_OBJECT_CONVERSION = YES_AGGRESSIVE;
				CLANG_CXX_LANGUAGE_STANDARD = "gnu++14";
				CLANG_CXX_LIBRARY = "libc++";
				CLANG_ENABLE_MODULES = YES;
				CLANG_ENABLE_OBJC_ARC = YES;
				CLANG_ENABLE_OBJC_WEAK = YES;
				CLANG_WARN_BLOCK_CAPTURE_AUTORELEASING = YES;
				CLANG_WARN_BOOL_CONVERSION = YES;
				CLANG_WARN_COMMA = YES;
				CLANG_WARN_CONSTANT_CONVERSION = YES;
				CLANG_WARN_DEPRECATED_OBJC_IMPLEMENTATIONS = YES;
				CLANG_WARN_DIRECT_OBJC_ISA_USAGE = YES_ERROR;
				CLANG_WARN_DOCUMENTATION_COMMENTS = YES;
				CLANG_WARN_EMPTY_BODY = YES;
				CLANG_WARN_ENUM_CONVERSION = YES;
				CLANG_WARN_INFINITE_RECURSION = YES;
				CLANG_WARN_INT_CONVERSION = YES;
				CLANG_WARN_NON_LITERAL_NULL_CONVERSION = YES;
				CLANG_WARN_OBJC_IMPLICIT_RETAIN_SELF = YES;
				CLANG_WARN_OBJC_LITERAL_CONVERSION = YES;
				CLANG_WARN_OBJC_ROOT_CLASS = YES_ERROR;
				CLANG_WARN_RANGE_LOOP_ANALYSIS = YES;
				CLANG_WARN_STRICT_PROTOTYPES = YES;
				CLANG_WARN_SUSPICIOUS_MOVE = YES;
				CLANG_WARN_UNGUARDED_AVAILABILITY = YES_AGGRESSIVE;
				CLANG_WARN_UNREACHABLE_CODE = YES;
				CLANG_WARN__DUPLICATE_METHOD_MATCH = YES;
				CODE_SIGN_IDENTITY = "iPhone Developer";
				COPY_PHASE_STRIP = NO;
				DEBUG_INFORMATION_FORMAT = dwarf;
				ENABLE_STRICT_OBJC_MSGSEND = YES;
				ENABLE_TESTABILITY = YES;
				GCC_C_LANGUAGE_STANDARD = gnu11;
				GCC_DYNAMIC_NO_PIC = NO;
				GCC_NO_COMMON_BLOCKS = YES;
				GCC_OPTIMIZATION_LEVEL = 0;
				GCC_PREPROCESSOR_DEFINITIONS = (
					"DEBUG=1",
					"$(inherited)",
				);
				GCC_WARN_64_TO_32_BIT_CONVERSION = YES;
				GCC_WARN_ABOUT_RETURN_TYPE = YES_ERROR;
				GCC_WARN_UNDECLARED_SELECTOR = YES;
				GCC_WARN_UNINITIALIZED_AUTOS = YES_AGGRESSIVE;
				GCC_WARN_UNUSED_FUNCTION = YES;
				GCC_WARN_UNUSED_VARIABLE = YES;
				IPHONEOS_DEPLOYMENT_TARGET = 12.2;
				MTL_ENABLE_DEBUG_INFO = INCLUDE_SOURCE;
				MTL_FAST_MATH = YES;
				ONLY_ACTIVE_ARCH = YES;
				SDKROOT = iphoneos;
				SWIFT_ACTIVE_COMPILATION_CONDITIONS = DEBUG;
				SWIFT_OPTIMIZATION_LEVEL = "-Onone";
			};
			name = Debug;
		};
		D1D740C622B8BC500083138A /* Release */ = {
			isa = XCBuildConfiguration;
			buildSettings = {
				ALWAYS_SEARCH_USER_PATHS = NO;
				CLANG_ANALYZER_NONNULL = YES;
				CLANG_ANALYZER_NUMBER_OBJECT_CONVERSION = YES_AGGRESSIVE;
				CLANG_CXX_LANGUAGE_STANDARD = "gnu++14";
				CLANG_CXX_LIBRARY = "libc++";
				CLANG_ENABLE_MODULES = YES;
				CLANG_ENABLE_OBJC_ARC = YES;
				CLANG_ENABLE_OBJC_WEAK = YES;
				CLANG_WARN_BLOCK_CAPTURE_AUTORELEASING = YES;
				CLANG_WARN_BOOL_CONVERSION = YES;
				CLANG_WARN_COMMA = YES;
				CLANG_WARN_CONSTANT_CONVERSION = YES;
				CLANG_WARN_DEPRECATED_OBJC_IMPLEMENTATIONS = YES;
				CLANG_WARN_DIRECT_OBJC_ISA_USAGE = YES_ERROR;
				CLANG_WARN_DOCUMENTATION_COMMENTS = YES;
				CLANG_WARN_EMPTY_BODY = YES;
				CLANG_WARN_ENUM_CONVERSION = YES;
				CLANG_WARN_INFINITE_RECURSION = YES;
				CLANG_WARN_INT_CONVERSION = YES;
				CLANG_WARN_NON_LITERAL_NULL_CONVERSION = YES;
				CLANG_WARN_OBJC_IMPLICIT_RETAIN_SELF = YES;
				CLANG_WARN_OBJC_LITERAL_CONVERSION = YES;
				CLANG_WARN_OBJC_ROOT_CLASS = YES_ERROR;
				CLANG_WARN_RANGE_LOOP_ANALYSIS = YES;
				CLANG_WARN_STRICT_PROTOTYPES = YES;
				CLANG_WARN_SUSPICIOUS_MOVE = YES;
				CLANG_WARN_UNGUARDED_AVAILABILITY = YES_AGGRESSIVE;
				CLANG_WARN_UNREACHABLE_CODE = YES;
				CLANG_WARN__DUPLICATE_METHOD_MATCH = YES;
				CODE_SIGN_IDENTITY = "iPhone Developer";
				COPY_PHASE_STRIP = NO;
				DEBUG_INFORMATION_FORMAT = "dwarf-with-dsym";
				ENABLE_NS_ASSERTIONS = NO;
				ENABLE_STRICT_OBJC_MSGSEND = YES;
				GCC_C_LANGUAGE_STANDARD = gnu11;
				GCC_NO_COMMON_BLOCKS = YES;
				GCC_WARN_64_TO_32_BIT_CONVERSION = YES;
				GCC_WARN_ABOUT_RETURN_TYPE = YES_ERROR;
				GCC_WARN_UNDECLARED_SELECTOR = YES;
				GCC_WARN_UNINITIALIZED_AUTOS = YES_AGGRESSIVE;
				GCC_WARN_UNUSED_FUNCTION = YES;
				GCC_WARN_UNUSED_VARIABLE = YES;
				IPHONEOS_DEPLOYMENT_TARGET = 12.2;
				MTL_ENABLE_DEBUG_INFO = NO;
				MTL_FAST_MATH = YES;
				SDKROOT = iphoneos;
				SWIFT_COMPILATION_MODE = wholemodule;
				SWIFT_OPTIMIZATION_LEVEL = "-O";
				VALIDATE_PRODUCT = YES;
			};
			name = Release;
		};
		D1D740C822B8BC500083138A /* Debug */ = {
			isa = XCBuildConfiguration;
			buildSettings = {
				ASSETCATALOG_COMPILER_APPICON_NAME = AppIcon;
				CODE_SIGN_STYLE = Automatic;
				INFOPLIST_FILE = test1/Info.plist;
				LD_RUNPATH_SEARCH_PATHS = (
					"$(inherited)",
					"@executable_path/Frameworks",
				);
				PRODUCT_BUNDLE_IDENTIFIER = com.sj.test1;
				PRODUCT_NAME = "$(TARGET_NAME)";
				SWIFT_VERSION = 5.0;
				TARGETED_DEVICE_FAMILY = "1,2";
			};
			name = Debug;
		};
		D1D740C922B8BC500083138A /* Release */ = {
			isa = XCBuildConfiguration;
			buildSettings = {
				ASSETCATALOG_COMPILER_APPICON_NAME = AppIcon;
				CODE_SIGN_STYLE = Automatic;
				INFOPLIST_FILE = test1/Info.plist;
				LD_RUNPATH_SEARCH_PATHS = (
					"$(inherited)",
					"@executable_path/Frameworks",
				);
				PRODUCT_BUNDLE_IDENTIFIER = com.sj.test1;
				PRODUCT_NAME = "$(TARGET_NAME)";
				SWIFT_VERSION = 5.0;
				TARGETED_DEVICE_FAMILY = "1,2";
			};
			name = Release;
		};
		D1D740CB22B8BC500083138A /* Debug */ = {
			isa = XCBuildConfiguration;
			buildSettings = {
				ALWAYS_EMBED_SWIFT_STANDARD_LIBRARIES = YES;
				BUNDLE_LOADER = "$(TEST_HOST)";
				CODE_SIGN_STYLE = Automatic;
				INFOPLIST_FILE = test1Tests/Info.plist;
				LD_RUNPATH_SEARCH_PATHS = (
					"$(inherited)",
					"@executable_path/Frameworks",
					"@loader_path/Frameworks",
				);
				PRODUCT_BUNDLE_IDENTIFIER = com.sj.test1Tests;
				PRODUCT_NAME = "$(TARGET_NAME)";
				SWIFT_VERSION = 5.0;
				TARGETED_DEVICE_FAMILY = "1,2";
				TEST_HOST = "$(BUILT_PRODUCTS_DIR)/test1.app/test1";
			};
			name = Debug;
		};
		D1D740CC22B8BC500083138A /* Release */ = {
			isa = XCBuildConfiguration;
			buildSettings = {
				ALWAYS_EMBED_SWIFT_STANDARD_LIBRARIES = YES;
				BUNDLE_LOADER = "$(TEST_HOST)";
				CODE_SIGN_STYLE = Automatic;
				INFOPLIST_FILE = test1Tests/Info.plist;
				LD_RUNPATH_SEARCH_PATHS = (
					"$(inherited)",
					"@executable_path/Frameworks",
					"@loader_path/Frameworks",
				);
				PRODUCT_BUNDLE_IDENTIFIER = com.sj.test1Tests;
				PRODUCT_NAME = "$(TARGET_NAME)";
				SWIFT_VERSION = 5.0;
				TARGETED_DEVICE_FAMILY = "1,2";
				TEST_HOST = "$(BUILT_PRODUCTS_DIR)/test1.app/test1";
			};
			name = Release;
		};
		D1D740CE22B8BC500083138A /* Debug */ = {
			isa = XCBuildConfiguration;
			buildSettings = {
				ALWAYS_EMBED_SWIFT_STANDARD_LIBRARIES = YES;
				CODE_SIGN_STYLE = Automatic;
				INFOPLIST_FILE = test1UITests/Info.plist;
				LD_RUNPATH_SEARCH_PATHS = (
					"$(inherited)",
					"@executable_path/Frameworks",
					"@loader_path/Frameworks",
				);
				PRODUCT_BUNDLE_IDENTIFIER = com.sj.test1UITests;
				PRODUCT_NAME = "$(TARGET_NAME)";
				SWIFT_VERSION = 5.0;
				TARGETED_DEVICE_FAMILY = "1,2";
				TEST_TARGET_NAME = test1;
			};
			name = Debug;
		};
		D1D740CF22B8BC500083138A /* Release */ = {
			isa = XCBuildConfiguration;
			buildSettings = {
				ALWAYS_EMBED_SWIFT_STANDARD_LIBRARIES = YES;
				CODE_SIGN_STYLE = Automatic;
				INFOPLIST_FILE = test1UITests/Info.plist;
				LD_RUNPATH_SEARCH_PATHS = (
					"$(inherited)",
					"@executable_path/Frameworks",
					"@loader_path/Frameworks",
				);
				PRODUCT_BUNDLE_IDENTIFIER = com.sj.test1UITests;
				PRODUCT_NAME = "$(TARGET_NAME)";
				SWIFT_VERSION = 5.0;
				TARGETED_DEVICE_FAMILY = "1,2";
				TEST_TARGET_NAME = test1;
			};
			name = Release;
		};
/* End XCBuildConfiguration section */

/* Begin XCConfigurationList section */
		D1D7409A22B8BC4F0083138A /* Build configuration list for PBXProject "test1" */ = {
			isa = XCConfigurationList;
			buildConfigurations = (
				D1D740C522B8BC500083138A /* Debug */,
				D1D740C622B8BC500083138A /* Release */,
			);
			defaultConfigurationIsVisible = 0;
			defaultConfigurationName = Release;
		};
		D1D740C722B8BC500083138A /* Build configuration list for PBXNativeTarget "test1" */ = {
			isa = XCConfigurationList;
			buildConfigurations = (
				D1D740C822B8BC500083138A /* Debug */,
				D1D740C922B8BC500083138A /* Release */,
			);
			defaultConfigurationIsVisible = 0;
			defaultConfigurationName = Release;
		};
		D1D740CA22B8BC500083138A /* Build configuration list for PBXNativeTarget "test1Tests" */ = {
			isa = XCConfigurationList;
			buildConfigurations = (
				D1D740CB22B8BC500083138A /* Debug */,
				D1D740CC22B8BC500083138A /* Release */,
			);
			defaultConfigurationIsVisible = 0;
			defaultConfigurationName = Release;
		};
		D1D740CD22B8BC500083138A /* Build configuration list for PBXNativeTarget "test1UITests" */ = {
			isa = XCConfigurationList;
			buildConfigurations = (
				D1D740CE22B8BC500083138A /* Debug */,
				D1D740CF22B8BC500083138A /* Release */,
			);
			defaultConfigurationIsVisible = 0;
			defaultConfigurationName = Release;
		};
/* End XCConfigurationList section */
	};
	rootObject = D1D7409722B8BC4F0083138A /* Project object */;
}
