// !$*UTF8*$!
{
	archiveVersion = 1;
	classes = {
	};
	objectVersion = 51;
	objects = {

/* Begin PBXBuildFile section */
		36A4247CA41B9FD8B6423F4E /* Pods_NoJapan.framework in Frameworks */ = {isa = PBXBuildFile; fileRef = 8347C9152BB10FBCF22E3CB4 /* Pods_NoJapan.framework */; };
		D12FD64522EA85BB004294AC /* AppDelegate.swift in Sources */ = {isa = PBXBuildFile; fileRef = D12FD64422EA85BB004294AC /* AppDelegate.swift */; };
		D12FD64722EA85BB004294AC /* HomeViewController.swift in Sources */ = {isa = PBXBuildFile; fileRef = D12FD64622EA85BB004294AC /* HomeViewController.swift */; };
		D12FD64A22EA85BB004294AC /* Main.storyboard in Resources */ = {isa = PBXBuildFile; fileRef = D12FD64822EA85BB004294AC /* Main.storyboard */; };
		D12FD64C22EA85BC004294AC /* Assets.xcassets in Resources */ = {isa = PBXBuildFile; fileRef = D12FD64B22EA85BC004294AC /* Assets.xcassets */; };
		D12FD64F22EA85BC004294AC /* LaunchScreen.storyboard in Resources */ = {isa = PBXBuildFile; fileRef = D12FD64D22EA85BC004294AC /* LaunchScreen.storyboard */; };
		D12FD65722EA8A62004294AC /* PhotoViewController.swift in Sources */ = {isa = PBXBuildFile; fileRef = D12FD65622EA8A62004294AC /* PhotoViewController.swift */; };
		D12FD65922EA9048004294AC /* CellCollectionViewCell.swift in Sources */ = {isa = PBXBuildFile; fileRef = D12FD65822EA9048004294AC /* CellCollectionViewCell.swift */; };
		D12FD65F22EA9BD5004294AC /* JapanItems.swift in Sources */ = {isa = PBXBuildFile; fileRef = D12FD65E22EA9BD5004294AC /* JapanItems.swift */; };
		D12FD66122EA9BE2004294AC /* JapanItemStore.swift in Sources */ = {isa = PBXBuildFile; fileRef = D12FD66022EA9BE2004294AC /* JapanItemStore.swift */; };
		D1C294E222EAA8CD00C5488D /* BarcodeViewController.swift in Sources */ = {isa = PBXBuildFile; fileRef = D1C294E122EAA8CD00C5488D /* BarcodeViewController.swift */; };
/* End PBXBuildFile section */

/* Begin PBXFileReference section */
		1D1EAB2310F226C9F9D89642 /* Pods-NoJapan.release.xcconfig */ = {isa = PBXFileReference; includeInIndex = 1; lastKnownFileType = text.xcconfig; name = "Pods-NoJapan.release.xcconfig"; path = "Target Support Files/Pods-NoJapan/Pods-NoJapan.release.xcconfig"; sourceTree = "<group>"; };
		8062CD3EBDF90468F5734E30 /* Pods-NoJapan.debug.xcconfig */ = {isa = PBXFileReference; includeInIndex = 1; lastKnownFileType = text.xcconfig; name = "Pods-NoJapan.debug.xcconfig"; path = "Target Support Files/Pods-NoJapan/Pods-NoJapan.debug.xcconfig"; sourceTree = "<group>"; };
		8347C9152BB10FBCF22E3CB4 /* Pods_NoJapan.framework */ = {isa = PBXFileReference; explicitFileType = wrapper.framework; includeInIndex = 0; path = Pods_NoJapan.framework; sourceTree = BUILT_PRODUCTS_DIR; };
		D12FD64122EA85BB004294AC /* NoJapan.app */ = {isa = PBXFileReference; explicitFileType = wrapper.application; includeInIndex = 0; path = NoJapan.app; sourceTree = BUILT_PRODUCTS_DIR; };
		D12FD64422EA85BB004294AC /* AppDelegate.swift */ = {isa = PBXFileReference; lastKnownFileType = sourcecode.swift; path = AppDelegate.swift; sourceTree = "<group>"; };
		D12FD64622EA85BB004294AC /* HomeViewController.swift */ = {isa = PBXFileReference; lastKnownFileType = sourcecode.swift; path = HomeViewController.swift; sourceTree = "<group>"; };
		D12FD64922EA85BB004294AC /* Base */ = {isa = PBXFileReference; lastKnownFileType = file.storyboard; name = Base; path = Base.lproj/Main.storyboard; sourceTree = "<group>"; };
		D12FD64B22EA85BC004294AC /* Assets.xcassets */ = {isa = PBXFileReference; lastKnownFileType = folder.assetcatalog; path = Assets.xcassets; sourceTree = "<group>"; };
		D12FD64E22EA85BC004294AC /* Base */ = {isa = PBXFileReference; lastKnownFileType = file.storyboard; name = Base; path = Base.lproj/LaunchScreen.storyboard; sourceTree = "<group>"; };
		D12FD65022EA85BC004294AC /* Info.plist */ = {isa = PBXFileReference; lastKnownFileType = text.plist.xml; path = Info.plist; sourceTree = "<group>"; };
		D12FD65622EA8A62004294AC /* PhotoViewController.swift */ = {isa = PBXFileReference; lastKnownFileType = sourcecode.swift; path = PhotoViewController.swift; sourceTree = "<group>"; };
		D12FD65822EA9048004294AC /* CellCollectionViewCell.swift */ = {isa = PBXFileReference; lastKnownFileType = sourcecode.swift; path = CellCollectionViewCell.swift; sourceTree = "<group>"; };
		D12FD65E22EA9BD5004294AC /* JapanItems.swift */ = {isa = PBXFileReference; lastKnownFileType = sourcecode.swift; path = JapanItems.swift; sourceTree = "<group>"; };
		D12FD66022EA9BE2004294AC /* JapanItemStore.swift */ = {isa = PBXFileReference; lastKnownFileType = sourcecode.swift; path = JapanItemStore.swift; sourceTree = "<group>"; };
		D1C294E122EAA8CD00C5488D /* BarcodeViewController.swift */ = {isa = PBXFileReference; lastKnownFileType = sourcecode.swift; path = BarcodeViewController.swift; sourceTree = "<group>"; };
/* End PBXFileReference section */

/* Begin PBXFrameworksBuildPhase section */
		D12FD63E22EA85BA004294AC /* Frameworks */ = {
			isa = PBXFrameworksBuildPhase;
			buildActionMask = 2147483647;
			files = (
				36A4247CA41B9FD8B6423F4E /* Pods_NoJapan.framework in Frameworks */,
			);
			runOnlyForDeploymentPostprocessing = 0;
		};
/* End PBXFrameworksBuildPhase section */

/* Begin PBXGroup section */
		761FFEFC6505A5FDB1D5AF83 /* Frameworks */ = {
			isa = PBXGroup;
			children = (
				8347C9152BB10FBCF22E3CB4 /* Pods_NoJapan.framework */,
			);
			name = Frameworks;
			sourceTree = "<group>";
		};
		D12FD63822EA85BA004294AC = {
			isa = PBXGroup;
			children = (
				D12FD64322EA85BB004294AC /* NoJapan */,
				D12FD64222EA85BB004294AC /* Products */,
				FCB9DCD133566E5DF1885D8F /* Pods */,
				761FFEFC6505A5FDB1D5AF83 /* Frameworks */,
			);
			sourceTree = "<group>";
		};
		D12FD64222EA85BB004294AC /* Products */ = {
			isa = PBXGroup;
			children = (
				D12FD64122EA85BB004294AC /* NoJapan.app */,
			);
			name = Products;
			sourceTree = "<group>";
		};
		D12FD64322EA85BB004294AC /* NoJapan */ = {
			isa = PBXGroup;
			children = (
				D12FD65D22EA9B9F004294AC /* Controller */,
				D12FD65C22EA9B97004294AC /* Model */,
				D12FD64422EA85BB004294AC /* AppDelegate.swift */,
				D12FD64822EA85BB004294AC /* Main.storyboard */,
				D12FD65822EA9048004294AC /* CellCollectionViewCell.swift */,
				D12FD64B22EA85BC004294AC /* Assets.xcassets */,
				D12FD64D22EA85BC004294AC /* LaunchScreen.storyboard */,
				D12FD65022EA85BC004294AC /* Info.plist */,
			);
			path = NoJapan;
			sourceTree = "<group>";
		};
		D12FD65C22EA9B97004294AC /* Model */ = {
			isa = PBXGroup;
			children = (
				D12FD65E22EA9BD5004294AC /* JapanItems.swift */,
				D12FD66022EA9BE2004294AC /* JapanItemStore.swift */,
			);
			path = Model;
			sourceTree = "<group>";
		};
		D12FD65D22EA9B9F004294AC /* Controller */ = {
			isa = PBXGroup;
			children = (
				D12FD64622EA85BB004294AC /* HomeViewController.swift */,
				D12FD65622EA8A62004294AC /* PhotoViewController.swift */,
				D1C294E122EAA8CD00C5488D /* BarcodeViewController.swift */,
			);
			path = Controller;
			sourceTree = "<group>";
		};
		FCB9DCD133566E5DF1885D8F /* Pods */ = {
			isa = PBXGroup;
			children = (
				8062CD3EBDF90468F5734E30 /* Pods-NoJapan.debug.xcconfig */,
				1D1EAB2310F226C9F9D89642 /* Pods-NoJapan.release.xcconfig */,
			);
			path = Pods;
			sourceTree = "<group>";
		};
/* End PBXGroup section */

/* Begin PBXNativeTarget section */
		D12FD64022EA85BA004294AC /* NoJapan */ = {
			isa = PBXNativeTarget;
			buildConfigurationList = D12FD65322EA85BC004294AC /* Build configuration list for PBXNativeTarget "NoJapan" */;
			buildPhases = (
				50C1C858D351C2DA1B05C4BC /* [CP] Check Pods Manifest.lock */,
				D12FD63D22EA85BA004294AC /* Sources */,
				D12FD63E22EA85BA004294AC /* Frameworks */,
				D12FD63F22EA85BA004294AC /* Resources */,
				1C8F96810A860F176016E047 /* [CP] Embed Pods Frameworks */,
			);
			buildRules = (
			);
			dependencies = (
			);
			name = NoJapan;
			productName = NoJapan;
			productReference = D12FD64122EA85BB004294AC /* NoJapan.app */;
			productType = "com.apple.product-type.application";
		};
/* End PBXNativeTarget section */

/* Begin PBXProject section */
		D12FD63922EA85BA004294AC /* Project object */ = {
			isa = PBXProject;
			attributes = {
				LastSwiftUpdateCheck = 1020;
				LastUpgradeCheck = 1020;
				ORGANIZATIONNAME = "Jinyung Yoon";
				TargetAttributes = {
					D12FD64022EA85BA004294AC = {
						CreatedOnToolsVersion = 10.2.1;
					};
				};
			};
			buildConfigurationList = D12FD63C22EA85BA004294AC /* Build configuration list for PBXProject "NoJapan" */;
			compatibilityVersion = "Xcode 9.3";
			developmentRegion = en;
			hasScannedForEncodings = 0;
			knownRegions = (
				en,
				Base,
			);
			mainGroup = D12FD63822EA85BA004294AC;
			productRefGroup = D12FD64222EA85BB004294AC /* Products */;
			projectDirPath = "";
			projectRoot = "";
			targets = (
				D12FD64022EA85BA004294AC /* NoJapan */,
			);
		};
/* End PBXProject section */

/* Begin PBXResourcesBuildPhase section */
		D12FD63F22EA85BA004294AC /* Resources */ = {
			isa = PBXResourcesBuildPhase;
			buildActionMask = 2147483647;
			files = (
				D12FD64F22EA85BC004294AC /* LaunchScreen.storyboard in Resources */,
				D12FD64C22EA85BC004294AC /* Assets.xcassets in Resources */,
				D12FD64A22EA85BB004294AC /* Main.storyboard in Resources */,
			);
			runOnlyForDeploymentPostprocessing = 0;
		};
/* End PBXResourcesBuildPhase section */

/* Begin PBXShellScriptBuildPhase section */
		1C8F96810A860F176016E047 /* [CP] Embed Pods Frameworks */ = {
			isa = PBXShellScriptBuildPhase;
			buildActionMask = 2147483647;
			files = (
			);
			inputFileListPaths = (
				"${PODS_ROOT}/Target Support Files/Pods-NoJapan/Pods-NoJapan-frameworks-${CONFIGURATION}-input-files.xcfilelist",
			);
			name = "[CP] Embed Pods Frameworks";
			outputFileListPaths = (
				"${PODS_ROOT}/Target Support Files/Pods-NoJapan/Pods-NoJapan-frameworks-${CONFIGURATION}-output-files.xcfilelist",
			);
			runOnlyForDeploymentPostprocessing = 0;
			shellPath = /bin/sh;
			shellScript = "\"${PODS_ROOT}/Target Support Files/Pods-NoJapan/Pods-NoJapan-frameworks.sh\"\n";
			showEnvVarsInLog = 0;
		};
		50C1C858D351C2DA1B05C4BC /* [CP] Check Pods Manifest.lock */ = {
			isa = PBXShellScriptBuildPhase;
			buildActionMask = 2147483647;
			files = (
			);
			inputFileListPaths = (
			);
			inputPaths = (
				"${PODS_PODFILE_DIR_PATH}/Podfile.lock",
				"${PODS_ROOT}/Manifest.lock",
			);
			name = "[CP] Check Pods Manifest.lock";
			outputFileListPaths = (
			);
			outputPaths = (
				"$(DERIVED_FILE_DIR)/Pods-NoJapan-checkManifestLockResult.txt",
			);
			runOnlyForDeploymentPostprocessing = 0;
			shellPath = /bin/sh;
			shellScript = "diff \"${PODS_PODFILE_DIR_PATH}/Podfile.lock\" \"${PODS_ROOT}/Manifest.lock\" > /dev/null\nif [ $? != 0 ] ; then\n    # print error to STDERR\n    echo \"error: The sandbox is not in sync with the Podfile.lock. Run 'pod install' or update your CocoaPods installation.\" >&2\n    exit 1\nfi\n# This output is used by Xcode 'outputs' to avoid re-running this script phase.\necho \"SUCCESS\" > \"${SCRIPT_OUTPUT_FILE_0}\"\n";
			showEnvVarsInLog = 0;
		};
/* End PBXShellScriptBuildPhase section */

/* Begin PBXSourcesBuildPhase section */
		D12FD63D22EA85BA004294AC /* Sources */ = {
			isa = PBXSourcesBuildPhase;
			buildActionMask = 2147483647;
			files = (
				D12FD64722EA85BB004294AC /* HomeViewController.swift in Sources */,
				D12FD64522EA85BB004294AC /* AppDelegate.swift in Sources */,
				D12FD65F22EA9BD5004294AC /* JapanItems.swift in Sources */,
				D12FD65922EA9048004294AC /* CellCollectionViewCell.swift in Sources */,
				D12FD66122EA9BE2004294AC /* JapanItemStore.swift in Sources */,
				D12FD65722EA8A62004294AC /* PhotoViewController.swift in Sources */,
				D1C294E222EAA8CD00C5488D /* BarcodeViewController.swift in Sources */,
			);
			runOnlyForDeploymentPostprocessing = 0;
		};
/* End PBXSourcesBuildPhase section */

/* Begin PBXVariantGroup section */
		D12FD64822EA85BB004294AC /* Main.storyboard */ = {
			isa = PBXVariantGroup;
			children = (
				D12FD64922EA85BB004294AC /* Base */,
			);
			name = Main.storyboard;
			sourceTree = "<group>";
		};
		D12FD64D22EA85BC004294AC /* LaunchScreen.storyboard */ = {
			isa = PBXVariantGroup;
			children = (
				D12FD64E22EA85BC004294AC /* Base */,
			);
			name = LaunchScreen.storyboard;
			sourceTree = "<group>";
		};
/* End PBXVariantGroup section */

/* Begin XCBuildConfiguration section */
		D12FD65122EA85BC004294AC /* Debug */ = {
			isa = XCBuildConfiguration;
			buildSettings = {
				ALWAYS_SEARCH_USER_PATHS = NO;
				CLANG_ANALYZER_NONNULL = YES;
				CLANG_ANALYZER_NUMBER_OBJECT_CONVERSION = YES_AGGRESSIVE;
				CLANG_CXX_LANGUAGE_STANDARD = "gnu++14";
				CLANG_CXX_LIBRARY = "libc++";
				CLANG_ENABLE_MODULES = YES;
				CLANG_ENABLE_OBJC_ARC = YES;
				CLANG_ENABLE_OBJC_WEAK = YES;
				CLANG_WARN_BLOCK_CAPTURE_AUTORELEASING = YES;
				CLANG_WARN_BOOL_CONVERSION = YES;
				CLANG_WARN_COMMA = YES;
				CLANG_WARN_CONSTANT_CONVERSION = YES;
				CLANG_WARN_DEPRECATED_OBJC_IMPLEMENTATIONS = YES;
				CLANG_WARN_DIRECT_OBJC_ISA_USAGE = YES_ERROR;
				CLANG_WARN_DOCUMENTATION_COMMENTS = YES;
				CLANG_WARN_EMPTY_BODY = YES;
				CLANG_WARN_ENUM_CONVERSION = YES;
				CLANG_WARN_INFINITE_RECURSION = YES;
				CLANG_WARN_INT_CONVERSION = YES;
				CLANG_WARN_NON_LITERAL_NULL_CONVERSION = YES;
				CLANG_WARN_OBJC_IMPLICIT_RETAIN_SELF = YES;
				CLANG_WARN_OBJC_LITERAL_CONVERSION = YES;
				CLANG_WARN_OBJC_ROOT_CLASS = YES_ERROR;
				CLANG_WARN_RANGE_LOOP_ANALYSIS = YES;
				CLANG_WARN_STRICT_PROTOTYPES = YES;
				CLANG_WARN_SUSPICIOUS_MOVE = YES;
				CLANG_WARN_UNGUARDED_AVAILABILITY = YES_AGGRESSIVE;
				CLANG_WARN_UNREACHABLE_CODE = YES;
				CLANG_WARN__DUPLICATE_METHOD_MATCH = YES;
				CODE_SIGN_IDENTITY = "iPhone Developer";
				COPY_PHASE_STRIP = NO;
				DEBUG_INFORMATION_FORMAT = dwarf;
				ENABLE_STRICT_OBJC_MSGSEND = YES;
				ENABLE_TESTABILITY = YES;
				GCC_C_LANGUAGE_STANDARD = gnu11;
				GCC_DYNAMIC_NO_PIC = NO;
				GCC_NO_COMMON_BLOCKS = YES;
				GCC_OPTIMIZATION_LEVEL = 0;
				GCC_PREPROCESSOR_DEFINITIONS = (
					"DEBUG=1",
					"$(inherited)",
				);
				GCC_WARN_64_TO_32_BIT_CONVERSION = YES;
				GCC_WARN_ABOUT_RETURN_TYPE = YES_ERROR;
				GCC_WARN_UNDECLARED_SELECTOR = YES;
				GCC_WARN_UNINITIALIZED_AUTOS = YES_AGGRESSIVE;
				GCC_WARN_UNUSED_FUNCTION = YES;
				GCC_WARN_UNUSED_VARIABLE = YES;
				IPHONEOS_DEPLOYMENT_TARGET = 12.2;
				MTL_ENABLE_DEBUG_INFO = INCLUDE_SOURCE;
				MTL_FAST_MATH = YES;
				ONLY_ACTIVE_ARCH = YES;
				SDKROOT = iphoneos;
				SWIFT_ACTIVE_COMPILATION_CONDITIONS = DEBUG;
				SWIFT_OPTIMIZATION_LEVEL = "-Onone";
			};
			name = Debug;
		};
		D12FD65222EA85BC004294AC /* Release */ = {
			isa = XCBuildConfiguration;
			buildSettings = {
				ALWAYS_SEARCH_USER_PATHS = NO;
				CLANG_ANALYZER_NONNULL = YES;
				CLANG_ANALYZER_NUMBER_OBJECT_CONVERSION = YES_AGGRESSIVE;
				CLANG_CXX_LANGUAGE_STANDARD = "gnu++14";
				CLANG_CXX_LIBRARY = "libc++";
				CLANG_ENABLE_MODULES = YES;
				CLANG_ENABLE_OBJC_ARC = YES;
				CLANG_ENABLE_OBJC_WEAK = YES;
				CLANG_WARN_BLOCK_CAPTURE_AUTORELEASING = YES;
				CLANG_WARN_BOOL_CONVERSION = YES;
				CLANG_WARN_COMMA = YES;
				CLANG_WARN_CONSTANT_CONVERSION = YES;
				CLANG_WARN_DEPRECATED_OBJC_IMPLEMENTATIONS = YES;
				CLANG_WARN_DIRECT_OBJC_ISA_USAGE = YES_ERROR;
				CLANG_WARN_DOCUMENTATION_COMMENTS = YES;
				CLANG_WARN_EMPTY_BODY = YES;
				CLANG_WARN_ENUM_CONVERSION = YES;
				CLANG_WARN_INFINITE_RECURSION = YES;
				CLANG_WARN_INT_CONVERSION = YES;
				CLANG_WARN_NON_LITERAL_NULL_CONVERSION = YES;
				CLANG_WARN_OBJC_IMPLICIT_RETAIN_SELF = YES;
				CLANG_WARN_OBJC_LITERAL_CONVERSION = YES;
				CLANG_WARN_OBJC_ROOT_CLASS = YES_ERROR;
				CLANG_WARN_RANGE_LOOP_ANALYSIS = YES;
				CLANG_WARN_STRICT_PROTOTYPES = YES;
				CLANG_WARN_SUSPICIOUS_MOVE = YES;
				CLANG_WARN_UNGUARDED_AVAILABILITY = YES_AGGRESSIVE;
				CLANG_WARN_UNREACHABLE_CODE = YES;
				CLANG_WARN__DUPLICATE_METHOD_MATCH = YES;
				CODE_SIGN_IDENTITY = "iPhone Developer";
				COPY_PHASE_STRIP = NO;
				DEBUG_INFORMATION_FORMAT = "dwarf-with-dsym";
				ENABLE_NS_ASSERTIONS = NO;
				ENABLE_STRICT_OBJC_MSGSEND = YES;
				GCC_C_LANGUAGE_STANDARD = gnu11;
				GCC_NO_COMMON_BLOCKS = YES;
				GCC_WARN_64_TO_32_BIT_CONVERSION = YES;
				GCC_WARN_ABOUT_RETURN_TYPE = YES_ERROR;
				GCC_WARN_UNDECLARED_SELECTOR = YES;
				GCC_WARN_UNINITIALIZED_AUTOS = YES_AGGRESSIVE;
				GCC_WARN_UNUSED_FUNCTION = YES;
				GCC_WARN_UNUSED_VARIABLE = YES;
				IPHONEOS_DEPLOYMENT_TARGET = 12.2;
				MTL_ENABLE_DEBUG_INFO = NO;
				MTL_FAST_MATH = YES;
				SDKROOT = iphoneos;
				SWIFT_COMPILATION_MODE = wholemodule;
				SWIFT_OPTIMIZATION_LEVEL = "-O";
				VALIDATE_PRODUCT = YES;
			};
			name = Release;
		};
		D12FD65422EA85BC004294AC /* Debug */ = {
			isa = XCBuildConfiguration;
			baseConfigurationReference = 8062CD3EBDF90468F5734E30 /* Pods-NoJapan.debug.xcconfig */;
			buildSettings = {
				ASSETCATALOG_COMPILER_APPICON_NAME = AppIcon;
				CODE_SIGN_STYLE = Automatic;
				DEVELOPMENT_TEAM = BVN954N659;
				INFOPLIST_FILE = NoJapan/Info.plist;
				LD_RUNPATH_SEARCH_PATHS = (
					"$(inherited)",
					"@executable_path/Frameworks",
				);
				PRODUCT_BUNDLE_IDENTIFIER = com.jinyung.NoJapan;
				PRODUCT_NAME = "$(TARGET_NAME)";
				SWIFT_VERSION = 5.0;
				TARGETED_DEVICE_FAMILY = "1,2";
			};
			name = Debug;
		};
		D12FD65522EA85BC004294AC /* Release */ = {
			isa = XCBuildConfiguration;
			baseConfigurationReference = 1D1EAB2310F226C9F9D89642 /* Pods-NoJapan.release.xcconfig */;
			buildSettings = {
				ASSETCATALOG_COMPILER_APPICON_NAME = AppIcon;
				CODE_SIGN_STYLE = Automatic;
				DEVELOPMENT_TEAM = BVN954N659;
				INFOPLIST_FILE = NoJapan/Info.plist;
				LD_RUNPATH_SEARCH_PATHS = (
					"$(inherited)",
					"@executable_path/Frameworks",
				);
				PRODUCT_BUNDLE_IDENTIFIER = com.jinyung.NoJapan;
				PRODUCT_NAME = "$(TARGET_NAME)";
				SWIFT_VERSION = 5.0;
				TARGETED_DEVICE_FAMILY = "1,2";
			};
			name = Release;
		};
/* End XCBuildConfiguration section */

/* Begin XCConfigurationList section */
		D12FD63C22EA85BA004294AC /* Build configuration list for PBXProject "NoJapan" */ = {
			isa = XCConfigurationList;
			buildConfigurations = (
				D12FD65122EA85BC004294AC /* Debug */,
				D12FD65222EA85BC004294AC /* Release */,
			);
			defaultConfigurationIsVisible = 0;
			defaultConfigurationName = Release;
		};
		D12FD65322EA85BC004294AC /* Build configuration list for PBXNativeTarget "NoJapan" */ = {
			isa = XCConfigurationList;
			buildConfigurations = (
				D12FD65422EA85BC004294AC /* Debug */,
				D12FD65522EA85BC004294AC /* Release */,
			);
			defaultConfigurationIsVisible = 0;
			defaultConfigurationName = Release;
		};
/* End XCConfigurationList section */
	};
	rootObject = D12FD63922EA85BA004294AC /* Project object */;
}
