// !$*UTF8*$!
{
	archiveVersion = 1;
	classes = {
	};
	objectVersion = 50;
	objects = {

/* Begin PBXBuildFile section */
		D1B618DF22B8F2B2003A4046 /* AppDelegate.swift in Sources */ = {isa = PBXBuildFile; fileRef = D1B618DE22B8F2B2003A4046 /* AppDelegate.swift */; };
		D1B618E122B8F2B2003A4046 /* ViewController.swift in Sources */ = {isa = PBXBuildFile; fileRef = D1B618E022B8F2B2003A4046 /* ViewController.swift */; };
		D1B618E422B8F2B2003A4046 /* Main.storyboard in Resources */ = {isa = PBXBuildFile; fileRef = D1B618E222B8F2B2003A4046 /* Main.storyboard */; };
		D1B618E622B8F2B3003A4046 /* Assets.xcassets in Resources */ = {isa = PBXBuildFile; fileRef = D1B618E522B8F2B3003A4046 /* Assets.xcassets */; };
		D1B618E922B8F2B3003A4046 /* LaunchScreen.storyboard in Resources */ = {isa = PBXBuildFile; fileRef = D1B618E722B8F2B3003A4046 /* LaunchScreen.storyboard */; };
		D1B618F422B8F2B3003A4046 /* calculatorTests.swift in Sources */ = {isa = PBXBuildFile; fileRef = D1B618F322B8F2B3003A4046 /* calculatorTests.swift */; };
		D1B618FF22B8F2B3003A4046 /* calculatorUITests.swift in Sources */ = {isa = PBXBuildFile; fileRef = D1B618FE22B8F2B3003A4046 /* calculatorUITests.swift */; };
/* End PBXBuildFile section */

/* Begin PBXContainerItemProxy section */
		D1B618F022B8F2B3003A4046 /* PBXContainerItemProxy */ = {
			isa = PBXContainerItemProxy;
			containerPortal = D1B618D322B8F2B2003A4046 /* Project object */;
			proxyType = 1;
			remoteGlobalIDString = D1B618DA22B8F2B2003A4046;
			remoteInfo = calculator;
		};
		D1B618FB22B8F2B3003A4046 /* PBXContainerItemProxy */ = {
			isa = PBXContainerItemProxy;
			containerPortal = D1B618D322B8F2B2003A4046 /* Project object */;
			proxyType = 1;
			remoteGlobalIDString = D1B618DA22B8F2B2003A4046;
			remoteInfo = calculator;
		};
/* End PBXContainerItemProxy section */

/* Begin PBXFileReference section */
		D1B618DB22B8F2B2003A4046 /* calculator.app */ = {isa = PBXFileReference; explicitFileType = wrapper.application; includeInIndex = 0; path = calculator.app; sourceTree = BUILT_PRODUCTS_DIR; };
		D1B618DE22B8F2B2003A4046 /* AppDelegate.swift */ = {isa = PBXFileReference; lastKnownFileType = sourcecode.swift; path = AppDelegate.swift; sourceTree = "<group>"; };
		D1B618E022B8F2B2003A4046 /* ViewController.swift */ = {isa = PBXFileReference; lastKnownFileType = sourcecode.swift; path = ViewController.swift; sourceTree = "<group>"; };
		D1B618E322B8F2B2003A4046 /* Base */ = {isa = PBXFileReference; lastKnownFileType = file.storyboard; name = Base; path = Base.lproj/Main.storyboard; sourceTree = "<group>"; };
		D1B618E522B8F2B3003A4046 /* Assets.xcassets */ = {isa = PBXFileReference; lastKnownFileType = folder.assetcatalog; path = Assets.xcassets; sourceTree = "<group>"; };
		D1B618E822B8F2B3003A4046 /* Base */ = {isa = PBXFileReference; lastKnownFileType = file.storyboard; name = Base; path = Base.lproj/LaunchScreen.storyboard; sourceTree = "<group>"; };
		D1B618EA22B8F2B3003A4046 /* Info.plist */ = {isa = PBXFileReference; lastKnownFileType = text.plist.xml; path = Info.plist; sourceTree = "<group>"; };
		D1B618EF22B8F2B3003A4046 /* calculatorTests.xctest */ = {isa = PBXFileReference; explicitFileType = wrapper.cfbundle; includeInIndex = 0; path = calculatorTests.xctest; sourceTree = BUILT_PRODUCTS_DIR; };
		D1B618F322B8F2B3003A4046 /* calculatorTests.swift */ = {isa = PBXFileReference; lastKnownFileType = sourcecode.swift; path = calculatorTests.swift; sourceTree = "<group>"; };
		D1B618F522B8F2B3003A4046 /* Info.plist */ = {isa = PBXFileReference; lastKnownFileType = text.plist.xml; path = Info.plist; sourceTree = "<group>"; };
		D1B618FA22B8F2B3003A4046 /* calculatorUITests.xctest */ = {isa = PBXFileReference; explicitFileType = wrapper.cfbundle; includeInIndex = 0; path = calculatorUITests.xctest; sourceTree = BUILT_PRODUCTS_DIR; };
		D1B618FE22B8F2B3003A4046 /* calculatorUITests.swift */ = {isa = PBXFileReference; lastKnownFileType = sourcecode.swift; path = calculatorUITests.swift; sourceTree = "<group>"; };
		D1B6190022B8F2B3003A4046 /* Info.plist */ = {isa = PBXFileReference; lastKnownFileType = text.plist.xml; path = Info.plist; sourceTree = "<group>"; };
/* End PBXFileReference section */

/* Begin PBXFrameworksBuildPhase section */
		D1B618D822B8F2B2003A4046 /* Frameworks */ = {
			isa = PBXFrameworksBuildPhase;
			buildActionMask = 2147483647;
			files = (
			);
			runOnlyForDeploymentPostprocessing = 0;
		};
		D1B618EC22B8F2B3003A4046 /* Frameworks */ = {
			isa = PBXFrameworksBuildPhase;
			buildActionMask = 2147483647;
			files = (
			);
			runOnlyForDeploymentPostprocessing = 0;
		};
		D1B618F722B8F2B3003A4046 /* Frameworks */ = {
			isa = PBXFrameworksBuildPhase;
			buildActionMask = 2147483647;
			files = (
			);
			runOnlyForDeploymentPostprocessing = 0;
		};
/* End PBXFrameworksBuildPhase section */

/* Begin PBXGroup section */
		D1B618D222B8F2B2003A4046 = {
			isa = PBXGroup;
			children = (
				D1B618DD22B8F2B2003A4046 /* calculator */,
				D1B618F222B8F2B3003A4046 /* calculatorTests */,
				D1B618FD22B8F2B3003A4046 /* calculatorUITests */,
				D1B618DC22B8F2B2003A4046 /* Products */,
			);
			sourceTree = "<group>";
		};
		D1B618DC22B8F2B2003A4046 /* Products */ = {
			isa = PBXGroup;
			children = (
				D1B618DB22B8F2B2003A4046 /* calculator.app */,
				D1B618EF22B8F2B3003A4046 /* calculatorTests.xctest */,
				D1B618FA22B8F2B3003A4046 /* calculatorUITests.xctest */,
			);
			name = Products;
			sourceTree = "<group>";
		};
		D1B618DD22B8F2B2003A4046 /* calculator */ = {
			isa = PBXGroup;
			children = (
				D1B618DE22B8F2B2003A4046 /* AppDelegate.swift */,
				D1B618E022B8F2B2003A4046 /* ViewController.swift */,
				D1B618E222B8F2B2003A4046 /* Main.storyboard */,
				D1B618E522B8F2B3003A4046 /* Assets.xcassets */,
				D1B618E722B8F2B3003A4046 /* LaunchScreen.storyboard */,
				D1B618EA22B8F2B3003A4046 /* Info.plist */,
			);
			path = calculator;
			sourceTree = "<group>";
		};
		D1B618F222B8F2B3003A4046 /* calculatorTests */ = {
			isa = PBXGroup;
			children = (
				D1B618F322B8F2B3003A4046 /* calculatorTests.swift */,
				D1B618F522B8F2B3003A4046 /* Info.plist */,
			);
			path = calculatorTests;
			sourceTree = "<group>";
		};
		D1B618FD22B8F2B3003A4046 /* calculatorUITests */ = {
			isa = PBXGroup;
			children = (
				D1B618FE22B8F2B3003A4046 /* calculatorUITests.swift */,
				D1B6190022B8F2B3003A4046 /* Info.plist */,
			);
			path = calculatorUITests;
			sourceTree = "<group>";
		};
/* End PBXGroup section */

/* Begin PBXNativeTarget section */
		D1B618DA22B8F2B2003A4046 /* calculator */ = {
			isa = PBXNativeTarget;
			buildConfigurationList = D1B6190322B8F2B3003A4046 /* Build configuration list for PBXNativeTarget "calculator" */;
			buildPhases = (
				D1B618D722B8F2B2003A4046 /* Sources */,
				D1B618D822B8F2B2003A4046 /* Frameworks */,
				D1B618D922B8F2B2003A4046 /* Resources */,
			);
			buildRules = (
			);
			dependencies = (
			);
			name = calculator;
			productName = calculator;
			productReference = D1B618DB22B8F2B2003A4046 /* calculator.app */;
			productType = "com.apple.product-type.application";
		};
		D1B618EE22B8F2B3003A4046 /* calculatorTests */ = {
			isa = PBXNativeTarget;
			buildConfigurationList = D1B6190622B8F2B3003A4046 /* Build configuration list for PBXNativeTarget "calculatorTests" */;
			buildPhases = (
				D1B618EB22B8F2B3003A4046 /* Sources */,
				D1B618EC22B8F2B3003A4046 /* Frameworks */,
				D1B618ED22B8F2B3003A4046 /* Resources */,
			);
			buildRules = (
			);
			dependencies = (
				D1B618F122B8F2B3003A4046 /* PBXTargetDependency */,
			);
			name = calculatorTests;
			productName = calculatorTests;
			productReference = D1B618EF22B8F2B3003A4046 /* calculatorTests.xctest */;
			productType = "com.apple.product-type.bundle.unit-test";
		};
		D1B618F922B8F2B3003A4046 /* calculatorUITests */ = {
			isa = PBXNativeTarget;
			buildConfigurationList = D1B6190922B8F2B3003A4046 /* Build configuration list for PBXNativeTarget "calculatorUITests" */;
			buildPhases = (
				D1B618F622B8F2B3003A4046 /* Sources */,
				D1B618F722B8F2B3003A4046 /* Frameworks */,
				D1B618F822B8F2B3003A4046 /* Resources */,
			);
			buildRules = (
			);
			dependencies = (
				D1B618FC22B8F2B3003A4046 /* PBXTargetDependency */,
			);
			name = calculatorUITests;
			productName = calculatorUITests;
			productReference = D1B618FA22B8F2B3003A4046 /* calculatorUITests.xctest */;
			productType = "com.apple.product-type.bundle.ui-testing";
		};
/* End PBXNativeTarget section */

/* Begin PBXProject section */
		D1B618D322B8F2B2003A4046 /* Project object */ = {
			isa = PBXProject;
			attributes = {
				LastSwiftUpdateCheck = 1020;
				LastUpgradeCheck = 1020;
				ORGANIZATIONNAME = "Jinyung Yoon";
				TargetAttributes = {
					D1B618DA22B8F2B2003A4046 = {
						CreatedOnToolsVersion = 10.2.1;
					};
					D1B618EE22B8F2B3003A4046 = {
						CreatedOnToolsVersion = 10.2.1;
						TestTargetID = D1B618DA22B8F2B2003A4046;
					};
					D1B618F922B8F2B3003A4046 = {
						CreatedOnToolsVersion = 10.2.1;
						TestTargetID = D1B618DA22B8F2B2003A4046;
					};
				};
			};
			buildConfigurationList = D1B618D622B8F2B2003A4046 /* Build configuration list for PBXProject "calculator" */;
			compatibilityVersion = "Xcode 9.3";
			developmentRegion = en;
			hasScannedForEncodings = 0;
			knownRegions = (
				en,
				Base,
			);
			mainGroup = D1B618D222B8F2B2003A4046;
			productRefGroup = D1B618DC22B8F2B2003A4046 /* Products */;
			projectDirPath = "";
			projectRoot = "";
			targets = (
				D1B618DA22B8F2B2003A4046 /* calculator */,
				D1B618EE22B8F2B3003A4046 /* calculatorTests */,
				D1B618F922B8F2B3003A4046 /* calculatorUITests */,
			);
		};
/* End PBXProject section */

/* Begin PBXResourcesBuildPhase section */
		D1B618D922B8F2B2003A4046 /* Resources */ = {
			isa = PBXResourcesBuildPhase;
			buildActionMask = 2147483647;
			files = (
				D1B618E922B8F2B3003A4046 /* LaunchScreen.storyboard in Resources */,
				D1B618E622B8F2B3003A4046 /* Assets.xcassets in Resources */,
				D1B618E422B8F2B2003A4046 /* Main.storyboard in Resources */,
			);
			runOnlyForDeploymentPostprocessing = 0;
		};
		D1B618ED22B8F2B3003A4046 /* Resources */ = {
			isa = PBXResourcesBuildPhase;
			buildActionMask = 2147483647;
			files = (
			);
			runOnlyForDeploymentPostprocessing = 0;
		};
		D1B618F822B8F2B3003A4046 /* Resources */ = {
			isa = PBXResourcesBuildPhase;
			buildActionMask = 2147483647;
			files = (
			);
			runOnlyForDeploymentPostprocessing = 0;
		};
/* End PBXResourcesBuildPhase section */

/* Begin PBXSourcesBuildPhase section */
		D1B618D722B8F2B2003A4046 /* Sources */ = {
			isa = PBXSourcesBuildPhase;
			buildActionMask = 2147483647;
			files = (
				D1B618E122B8F2B2003A4046 /* ViewController.swift in Sources */,
				D1B618DF22B8F2B2003A4046 /* AppDelegate.swift in Sources */,
			);
			runOnlyForDeploymentPostprocessing = 0;
		};
		D1B618EB22B8F2B3003A4046 /* Sources */ = {
			isa = PBXSourcesBuildPhase;
			buildActionMask = 2147483647;
			files = (
				D1B618F422B8F2B3003A4046 /* calculatorTests.swift in Sources */,
			);
			runOnlyForDeploymentPostprocessing = 0;
		};
		D1B618F622B8F2B3003A4046 /* Sources */ = {
			isa = PBXSourcesBuildPhase;
			buildActionMask = 2147483647;
			files = (
				D1B618FF22B8F2B3003A4046 /* calculatorUITests.swift in Sources */,
			);
			runOnlyForDeploymentPostprocessing = 0;
		};
/* End PBXSourcesBuildPhase section */

/* Begin PBXTargetDependency section */
		D1B618F122B8F2B3003A4046 /* PBXTargetDependency */ = {
			isa = PBXTargetDependency;
			target = D1B618DA22B8F2B2003A4046 /* calculator */;
			targetProxy = D1B618F022B8F2B3003A4046 /* PBXContainerItemProxy */;
		};
		D1B618FC22B8F2B3003A4046 /* PBXTargetDependency */ = {
			isa = PBXTargetDependency;
			target = D1B618DA22B8F2B2003A4046 /* calculator */;
			targetProxy = D1B618FB22B8F2B3003A4046 /* PBXContainerItemProxy */;
		};
/* End PBXTargetDependency section */

/* Begin PBXVariantGroup section */
		D1B618E222B8F2B2003A4046 /* Main.storyboard */ = {
			isa = PBXVariantGroup;
			children = (
				D1B618E322B8F2B2003A4046 /* Base */,
			);
			name = Main.storyboard;
			sourceTree = "<group>";
		};
		D1B618E722B8F2B3003A4046 /* LaunchScreen.storyboard */ = {
			isa = PBXVariantGroup;
			children = (
				D1B618E822B8F2B3003A4046 /* Base */,
			);
			name = LaunchScreen.storyboard;
			sourceTree = "<group>";
		};
/* End PBXVariantGroup section */

/* Begin XCBuildConfiguration section */
		D1B6190122B8F2B3003A4046 /* Debug */ = {
			isa = XCBuildConfiguration;
			buildSettings = {
				ALWAYS_SEARCH_USER_PATHS = NO;
				CLANG_ANALYZER_NONNULL = YES;
				CLANG_ANALYZER_NUMBER_OBJECT_CONVERSION = YES_AGGRESSIVE;
				CLANG_CXX_LANGUAGE_STANDARD = "gnu++14";
				CLANG_CXX_LIBRARY = "libc++";
				CLANG_ENABLE_MODULES = YES;
				CLANG_ENABLE_OBJC_ARC = YES;
				CLANG_ENABLE_OBJC_WEAK = YES;
				CLANG_WARN_BLOCK_CAPTURE_AUTORELEASING = YES;
				CLANG_WARN_BOOL_CONVERSION = YES;
				CLANG_WARN_COMMA = YES;
				CLANG_WARN_CONSTANT_CONVERSION = YES;
				CLANG_WARN_DEPRECATED_OBJC_IMPLEMENTATIONS = YES;
				CLANG_WARN_DIRECT_OBJC_ISA_USAGE = YES_ERROR;
				CLANG_WARN_DOCUMENTATION_COMMENTS = YES;
				CLANG_WARN_EMPTY_BODY = YES;
				CLANG_WARN_ENUM_CONVERSION = YES;
				CLANG_WARN_INFINITE_RECURSION = YES;
				CLANG_WARN_INT_CONVERSION = YES;
				CLANG_WARN_NON_LITERAL_NULL_CONVERSION = YES;
				CLANG_WARN_OBJC_IMPLICIT_RETAIN_SELF = YES;
				CLANG_WARN_OBJC_LITERAL_CONVERSION = YES;
				CLANG_WARN_OBJC_ROOT_CLASS = YES_ERROR;
				CLANG_WARN_RANGE_LOOP_ANALYSIS = YES;
				CLANG_WARN_STRICT_PROTOTYPES = YES;
				CLANG_WARN_SUSPICIOUS_MOVE = YES;
				CLANG_WARN_UNGUARDED_AVAILABILITY = YES_AGGRESSIVE;
				CLANG_WARN_UNREACHABLE_CODE = YES;
				CLANG_WARN__DUPLICATE_METHOD_MATCH = YES;
				CODE_SIGN_IDENTITY = "iPhone Developer";
				COPY_PHASE_STRIP = NO;
				DEBUG_INFORMATION_FORMAT = dwarf;
				ENABLE_STRICT_OBJC_MSGSEND = YES;
				ENABLE_TESTABILITY = YES;
				GCC_C_LANGUAGE_STANDARD = gnu11;
				GCC_DYNAMIC_NO_PIC = NO;
				GCC_NO_COMMON_BLOCKS = YES;
				GCC_OPTIMIZATION_LEVEL = 0;
				GCC_PREPROCESSOR_DEFINITIONS = (
					"DEBUG=1",
					"$(inherited)",
				);
				GCC_WARN_64_TO_32_BIT_CONVERSION = YES;
				GCC_WARN_ABOUT_RETURN_TYPE = YES_ERROR;
				GCC_WARN_UNDECLARED_SELECTOR = YES;
				GCC_WARN_UNINITIALIZED_AUTOS = YES_AGGRESSIVE;
				GCC_WARN_UNUSED_FUNCTION = YES;
				GCC_WARN_UNUSED_VARIABLE = YES;
				IPHONEOS_DEPLOYMENT_TARGET = 12.2;
				MTL_ENABLE_DEBUG_INFO = INCLUDE_SOURCE;
				MTL_FAST_MATH = YES;
				ONLY_ACTIVE_ARCH = YES;
				SDKROOT = iphoneos;
				SWIFT_ACTIVE_COMPILATION_CONDITIONS = DEBUG;
				SWIFT_OPTIMIZATION_LEVEL = "-Onone";
			};
			name = Debug;
		};
		D1B6190222B8F2B3003A4046 /* Release */ = {
			isa = XCBuildConfiguration;
			buildSettings = {
				ALWAYS_SEARCH_USER_PATHS = NO;
				CLANG_ANALYZER_NONNULL = YES;
				CLANG_ANALYZER_NUMBER_OBJECT_CONVERSION = YES_AGGRESSIVE;
				CLANG_CXX_LANGUAGE_STANDARD = "gnu++14";
				CLANG_CXX_LIBRARY = "libc++";
				CLANG_ENABLE_MODULES = YES;
				CLANG_ENABLE_OBJC_ARC = YES;
				CLANG_ENABLE_OBJC_WEAK = YES;
				CLANG_WARN_BLOCK_CAPTURE_AUTORELEASING = YES;
				CLANG_WARN_BOOL_CONVERSION = YES;
				CLANG_WARN_COMMA = YES;
				CLANG_WARN_CONSTANT_CONVERSION = YES;
				CLANG_WARN_DEPRECATED_OBJC_IMPLEMENTATIONS = YES;
				CLANG_WARN_DIRECT_OBJC_ISA_USAGE = YES_ERROR;
				CLANG_WARN_DOCUMENTATION_COMMENTS = YES;
				CLANG_WARN_EMPTY_BODY = YES;
				CLANG_WARN_ENUM_CONVERSION = YES;
				CLANG_WARN_INFINITE_RECURSION = YES;
				CLANG_WARN_INT_CONVERSION = YES;
				CLANG_WARN_NON_LITERAL_NULL_CONVERSION = YES;
				CLANG_WARN_OBJC_IMPLICIT_RETAIN_SELF = YES;
				CLANG_WARN_OBJC_LITERAL_CONVERSION = YES;
				CLANG_WARN_OBJC_ROOT_CLASS = YES_ERROR;
				CLANG_WARN_RANGE_LOOP_ANALYSIS = YES;
				CLANG_WARN_STRICT_PROTOTYPES = YES;
				CLANG_WARN_SUSPICIOUS_MOVE = YES;
				CLANG_WARN_UNGUARDED_AVAILABILITY = YES_AGGRESSIVE;
				CLANG_WARN_UNREACHABLE_CODE = YES;
				CLANG_WARN__DUPLICATE_METHOD_MATCH = YES;
				CODE_SIGN_IDENTITY = "iPhone Developer";
				COPY_PHASE_STRIP = NO;
				DEBUG_INFORMATION_FORMAT = "dwarf-with-dsym";
				ENABLE_NS_ASSERTIONS = NO;
				ENABLE_STRICT_OBJC_MSGSEND = YES;
				GCC_C_LANGUAGE_STANDARD = gnu11;
				GCC_NO_COMMON_BLOCKS = YES;
				GCC_WARN_64_TO_32_BIT_CONVERSION = YES;
				GCC_WARN_ABOUT_RETURN_TYPE = YES_ERROR;
				GCC_WARN_UNDECLARED_SELECTOR = YES;
				GCC_WARN_UNINITIALIZED_AUTOS = YES_AGGRESSIVE;
				GCC_WARN_UNUSED_FUNCTION = YES;
				GCC_WARN_UNUSED_VARIABLE = YES;
				IPHONEOS_DEPLOYMENT_TARGET = 12.2;
				MTL_ENABLE_DEBUG_INFO = NO;
				MTL_FAST_MATH = YES;
				SDKROOT = iphoneos;
				SWIFT_COMPILATION_MODE = wholemodule;
				SWIFT_OPTIMIZATION_LEVEL = "-O";
				VALIDATE_PRODUCT = YES;
			};
			name = Release;
		};
		D1B6190422B8F2B3003A4046 /* Debug */ = {
			isa = XCBuildConfiguration;
			buildSettings = {
				ASSETCATALOG_COMPILER_APPICON_NAME = AppIcon;
				CODE_SIGN_STYLE = Automatic;
				DEVELOPMENT_TEAM = BVN954N659;
				INFOPLIST_FILE = calculator/Info.plist;
				LD_RUNPATH_SEARCH_PATHS = (
					"$(inherited)",
					"@executable_path/Frameworks",
				);
				PRODUCT_BUNDLE_IDENTIFIER = com.jinyung.calculator;
				PRODUCT_NAME = "$(TARGET_NAME)";
				SWIFT_VERSION = 5.0;
				TARGETED_DEVICE_FAMILY = "1,2";
			};
			name = Debug;
		};
		D1B6190522B8F2B3003A4046 /* Release */ = {
			isa = XCBuildConfiguration;
			buildSettings = {
				ASSETCATALOG_COMPILER_APPICON_NAME = AppIcon;
				CODE_SIGN_STYLE = Automatic;
				DEVELOPMENT_TEAM = BVN954N659;
				INFOPLIST_FILE = calculator/Info.plist;
				LD_RUNPATH_SEARCH_PATHS = (
					"$(inherited)",
					"@executable_path/Frameworks",
				);
				PRODUCT_BUNDLE_IDENTIFIER = com.jinyung.calculator;
				PRODUCT_NAME = "$(TARGET_NAME)";
				SWIFT_VERSION = 5.0;
				TARGETED_DEVICE_FAMILY = "1,2";
			};
			name = Release;
		};
		D1B6190722B8F2B3003A4046 /* Debug */ = {
			isa = XCBuildConfiguration;
			buildSettings = {
				ALWAYS_EMBED_SWIFT_STANDARD_LIBRARIES = YES;
				BUNDLE_LOADER = "$(TEST_HOST)";
				CODE_SIGN_STYLE = Automatic;
				INFOPLIST_FILE = calculatorTests/Info.plist;
				LD_RUNPATH_SEARCH_PATHS = (
					"$(inherited)",
					"@executable_path/Frameworks",
					"@loader_path/Frameworks",
				);
				PRODUCT_BUNDLE_IDENTIFIER = com.sj.calculatorTests;
				PRODUCT_NAME = "$(TARGET_NAME)";
				SWIFT_VERSION = 5.0;
				TARGETED_DEVICE_FAMILY = "1,2";
				TEST_HOST = "$(BUILT_PRODUCTS_DIR)/calculator.app/calculator";
			};
			name = Debug;
		};
		D1B6190822B8F2B3003A4046 /* Release */ = {
			isa = XCBuildConfiguration;
			buildSettings = {
				ALWAYS_EMBED_SWIFT_STANDARD_LIBRARIES = YES;
				BUNDLE_LOADER = "$(TEST_HOST)";
				CODE_SIGN_STYLE = Automatic;
				INFOPLIST_FILE = calculatorTests/Info.plist;
				LD_RUNPATH_SEARCH_PATHS = (
					"$(inherited)",
					"@executable_path/Frameworks",
					"@loader_path/Frameworks",
				);
				PRODUCT_BUNDLE_IDENTIFIER = com.sj.calculatorTests;
				PRODUCT_NAME = "$(TARGET_NAME)";
				SWIFT_VERSION = 5.0;
				TARGETED_DEVICE_FAMILY = "1,2";
				TEST_HOST = "$(BUILT_PRODUCTS_DIR)/calculator.app/calculator";
			};
			name = Release;
		};
		D1B6190A22B8F2B3003A4046 /* Debug */ = {
			isa = XCBuildConfiguration;
			buildSettings = {
				ALWAYS_EMBED_SWIFT_STANDARD_LIBRARIES = YES;
				CODE_SIGN_STYLE = Automatic;
				INFOPLIST_FILE = calculatorUITests/Info.plist;
				LD_RUNPATH_SEARCH_PATHS = (
					"$(inherited)",
					"@executable_path/Frameworks",
					"@loader_path/Frameworks",
				);
				PRODUCT_BUNDLE_IDENTIFIER = com.sj.calculatorUITests;
				PRODUCT_NAME = "$(TARGET_NAME)";
				SWIFT_VERSION = 5.0;
				TARGETED_DEVICE_FAMILY = "1,2";
				TEST_TARGET_NAME = calculator;
			};
			name = Debug;
		};
		D1B6190B22B8F2B3003A4046 /* Release */ = {
			isa = XCBuildConfiguration;
			buildSettings = {
				ALWAYS_EMBED_SWIFT_STANDARD_LIBRARIES = YES;
				CODE_SIGN_STYLE = Automatic;
				INFOPLIST_FILE = calculatorUITests/Info.plist;
				LD_RUNPATH_SEARCH_PATHS = (
					"$(inherited)",
					"@executable_path/Frameworks",
					"@loader_path/Frameworks",
				);
				PRODUCT_BUNDLE_IDENTIFIER = com.sj.calculatorUITests;
				PRODUCT_NAME = "$(TARGET_NAME)";
				SWIFT_VERSION = 5.0;
				TARGETED_DEVICE_FAMILY = "1,2";
				TEST_TARGET_NAME = calculator;
			};
			name = Release;
		};
/* End XCBuildConfiguration section */

/* Begin XCConfigurationList section */
		D1B618D622B8F2B2003A4046 /* Build configuration list for PBXProject "calculator" */ = {
			isa = XCConfigurationList;
			buildConfigurations = (
				D1B6190122B8F2B3003A4046 /* Debug */,
				D1B6190222B8F2B3003A4046 /* Release */,
			);
			defaultConfigurationIsVisible = 0;
			defaultConfigurationName = Release;
		};
		D1B6190322B8F2B3003A4046 /* Build configuration list for PBXNativeTarget "calculator" */ = {
			isa = XCConfigurationList;
			buildConfigurations = (
				D1B6190422B8F2B3003A4046 /* Debug */,
				D1B6190522B8F2B3003A4046 /* Release */,
			);
			defaultConfigurationIsVisible = 0;
			defaultConfigurationName = Release;
		};
		D1B6190622B8F2B3003A4046 /* Build configuration list for PBXNativeTarget "calculatorTests" */ = {
			isa = XCConfigurationList;
			buildConfigurations = (
				D1B6190722B8F2B3003A4046 /* Debug */,
				D1B6190822B8F2B3003A4046 /* Release */,
			);
			defaultConfigurationIsVisible = 0;
			defaultConfigurationName = Release;
		};
		D1B6190922B8F2B3003A4046 /* Build configuration list for PBXNativeTarget "calculatorUITests" */ = {
			isa = XCConfigurationList;
			buildConfigurations = (
				D1B6190A22B8F2B3003A4046 /* Debug */,
				D1B6190B22B8F2B3003A4046 /* Release */,
			);
			defaultConfigurationIsVisible = 0;
			defaultConfigurationName = Release;
		};
/* End XCConfigurationList section */
	};
	rootObject = D1B618D322B8F2B2003A4046 /* Project object */;
}
